
Microsoft Visual Studio Solution File, Format Version 12.00
# Visual Studio Version 17
VisualStudioVersion = 17.6.33712.159
MinimumVisualStudioVersion = 10.0.40219.1
Project("{FAE04EC0-301F-11D3-BF4B-00C04F79EFBC}") = "DataAccessExample", "DataAccessExample\DataAccessExample.csproj", "{6A28E939-9F48-4037-936A-296C656F4348}"
EndProject
Project("{FAE04EC0-301F-11D3-BF4B-00C04F79EFBC}") = "ApiExample", "ApiExample\ApiExample.csproj", "{B7D6CDA9-F4C7-4B5D-A1E4-97CBBDC19DA7}"
EndProject
Global
	GlobalSection(SolutionConfigurationPlatforms) = preSolution
		Debug|Any CPU = Debug|Any CPU
		Release|Any CPU = Release|Any CPU
	EndGlobalSection
	GlobalSection(ProjectConfigurationPlatforms) = postSolution
		{6A28E939-9F48-4037-936A-296C656F4348}.Debug|Any CPU.ActiveCfg = Debug|Any CPU
		{6A28E939-9F48-4037-936A-296C656F4348}.Debug|Any CPU.Build.0 = Debug|Any CPU
		{6A28E939-9F48-4037-936A-296C656F4348}.Release|Any CPU.ActiveCfg = Release|Any CPU
		{6A28E939-9F48-4037-936A-296C656F4348}.Release|Any CPU.Build.0 = Release|Any CPU
		{B7D6CDA9-F4C7-4B5D-A1E4-97CBBDC19DA7}.Debug|Any CPU.ActiveCfg = Debug|Any CPU
		{B7D6CDA9-F4C7-4B5D-A1E4-97CBBDC19DA7}.Debug|Any CPU.Build.0 = Debug|Any CPU
		{B7D6CDA9-F4C7-4B5D-A1E4-97CBBDC19DA7}.Release|Any CPU.ActiveCfg = Release|Any CPU
		{B7D6CDA9-F4C7-4B5D-A1E4-97CBBDC19DA7}.Release|Any CPU.Build.0 = Release|Any CPU
	EndGlobalSection
	GlobalSection(SolutionProperties) = preSolution
		HideSolutionNode = FALSE
	EndGlobalSection
	GlobalSection(ExtensibilityGlobals) = postSolution
		SolutionGuid = {96FC6569-65F6-4687-9396-A93278A0A222}
	EndGlobalSection
EndGlobal
